{
    "name": "my-ecommerce-app",
    "version": "1.0.0",
    "lockfileVersion": 1,
    "requires": true,
    "dependencies": {
      "accepts": {
        "version": "1.3.7",
        "resolved": "https://registry.npmjs.org/accepts/-/accepts-1.3.7.tgz",
        "integrity": "sha512-qjI6YId0e+/3soajZwZ1SWu6ETrdzFryHxyb+6PgfUfiW9ozVgPGrfpoVIL9AVyDTFF2CTeBtt5zsEYbwnRWcw==",
        "requires": {
          "mime-types": "~2.1.24",
          "negotiator": "0.6.2"
        }
      }
    }
  }
  
  